// !$*UTF8*$!
{
	archiveVersion = 1;
	classes = {
	};
	objectVersion = 56;
	objects = {

/* Begin PBXBuildFile section */
		739C54E429DDC0EB00C3CD56 /* DemoForFetchNevinchanyiApp.swift in Sources */ = {isa = PBXBuildFile; fileRef = 739C54E329DDC0EB00C3CD56 /* DemoForFetchNevinchanyiApp.swift */; };
		739C54E629DDC0EB00C3CD56 /* ContentView.swift in Sources */ = {isa = PBXBuildFile; fileRef = 739C54E529DDC0EB00C3CD56 /* ContentView.swift */; };
		739C54E829DDC0ED00C3CD56 /* Assets.xcassets in Resources */ = {isa = PBXBuildFile; fileRef = 739C54E729DDC0ED00C3CD56 /* Assets.xcassets */; };
		739C54EB29DDC0ED00C3CD56 /* Preview Assets.xcassets in Resources */ = {isa = PBXBuildFile; fileRef = 739C54EA29DDC0ED00C3CD56 /* Preview Assets.xcassets */; };
		739C54F429DDC2BE00C3CD56 /* Dessert.swift in Sources */ = {isa = PBXBuildFile; fileRef = 739C54F329DDC2BE00C3CD56 /* Dessert.swift */; };
		739C54F629DDC5A600C3CD56 /* Mock.swift in Sources */ = {isa = PBXBuildFile; fileRef = 739C54F529DDC5A600C3CD56 /* Mock.swift */; };
/* End PBXBuildFile section */

/* Begin PBXFileReference section */
		739C54E029DDC0EB00C3CD56 /* DemoForFetchNevinchanyi.app */ = {isa = PBXFileReference; explicitFileType = wrapper.application; includeInIndex = 0; path = DemoForFetchNevinchanyi.app; sourceTree = BUILT_PRODUCTS_DIR; };
		739C54E329DDC0EB00C3CD56 /* DemoForFetchNevinchanyiApp.swift */ = {isa = PBXFileReference; lastKnownFileType = sourcecode.swift; path = DemoForFetchNevinchanyiApp.swift; sourceTree = "<group>"; };
		739C54E529DDC0EB00C3CD56 /* ContentView.swift */ = {isa = PBXFileReference; lastKnownFileType = sourcecode.swift; path = ContentView.swift; sourceTree = "<group>"; };
		739C54E729DDC0ED00C3CD56 /* Assets.xcassets */ = {isa = PBXFileReference; lastKnownFileType = folder.assetcatalog; path = Assets.xcassets; sourceTree = "<group>"; };
		739C54EA29DDC0ED00C3CD56 /* Preview Assets.xcassets */ = {isa = PBXFileReference; lastKnownFileType = folder.assetcatalog; path = "Preview Assets.xcassets"; sourceTree = "<group>"; };
		739C54F329DDC2BE00C3CD56 /* Dessert.swift */ = {isa = PBXFileReference; lastKnownFileType = sourcecode.swift; path = Dessert.swift; sourceTree = "<group>"; };
		739C54F529DDC5A600C3CD56 /* Mock.swift */ = {isa = PBXFileReference; lastKnownFileType = sourcecode.swift; path = Mock.swift; sourceTree = "<group>"; };
/* End PBXFileReference section */

/* Begin PBXFrameworksBuildPhase section */
		739C54DD29DDC0EB00C3CD56 /* Frameworks */ = {
			isa = PBXFrameworksBuildPhase;
			buildActionMask = 2147483647;
			files = (
			);
			runOnlyForDeploymentPostprocessing = 0;
		};
/* End PBXFrameworksBuildPhase section */

/* Begin PBXGroup section */
		739C54D729DDC0EB00C3CD56 = {
			isa = PBXGroup;
			children = (
				739C54E229DDC0EB00C3CD56 /* DemoForFetchNevinchanyi */,
				739C54E129DDC0EB00C3CD56 /* Products */,
			);
			sourceTree = "<group>";
		};
		739C54E129DDC0EB00C3CD56 /* Products */ = {
			isa = PBXGroup;
			children = (
				739C54E029DDC0EB00C3CD56 /* DemoForFetchNevinchanyi.app */,
			);
			name = Products;
			sourceTree = "<group>";
		};
		739C54E229DDC0EB00C3CD56 /* DemoForFetchNevinchanyi */ = {
			isa = PBXGroup;
			children = (
				739C54F229DDC28700C3CD56 /* Models */,
				739C54F129DDC27D00C3CD56 /* Flow */,
				739C54E729DDC0ED00C3CD56 /* Assets.xcassets */,
				739C54E929DDC0ED00C3CD56 /* Preview Content */,
			);
			path = DemoForFetchNevinchanyi;
			sourceTree = "<group>";
		};
		739C54E929DDC0ED00C3CD56 /* Preview Content */ = {
			isa = PBXGroup;
			children = (
				739C54EA29DDC0ED00C3CD56 /* Preview Assets.xcassets */,
			);
			path = "Preview Content";
			sourceTree = "<group>";
		};
		739C54F129DDC27D00C3CD56 /* Flow */ = {
			isa = PBXGroup;
			children = (
				739C54E329DDC0EB00C3CD56 /* DemoForFetchNevinchanyiApp.swift */,
				739C54E529DDC0EB00C3CD56 /* ContentView.swift */,
			);
			path = Flow;
			sourceTree = "<group>";
		};
		739C54F229DDC28700C3CD56 /* Models */ = {
			isa = PBXGroup;
			children = (
				739C54F329DDC2BE00C3CD56 /* Dessert.swift */,
				739C54F529DDC5A600C3CD56 /* Mock.swift */,
			);
			path = Models;
			sourceTree = "<group>";
		};
/* End PBXGroup section */

/* Begin PBXNativeTarget section */
		739C54DF29DDC0EB00C3CD56 /* DemoForFetchNevinchanyi */ = {
			isa = PBXNativeTarget;
			buildConfigurationList = 739C54EE29DDC0ED00C3CD56 /* Build configuration list for PBXNativeTarget "DemoForFetchNevinchanyi" */;
			buildPhases = (
				739C54DC29DDC0EB00C3CD56 /* Sources */,
				739C54DD29DDC0EB00C3CD56 /* Frameworks */,
				739C54DE29DDC0EB00C3CD56 /* Resources */,
			);
			buildRules = (
			);
			dependencies = (
			);
			name = DemoForFetchNevinchanyi;
			productName = DemoForFetchNevinchanyi;
			productReference = 739C54E029DDC0EB00C3CD56 /* DemoForFetchNevinchanyi.app */;
			productType = "com.apple.product-type.application";
		};
/* End PBXNativeTarget section */

/* Begin PBXProject section */
		739C54D829DDC0EB00C3CD56 /* Project object */ = {
			isa = PBXProject;
			attributes = {
				BuildIndependentTargetsInParallel = 1;
				LastSwiftUpdateCheck = 1430;
				LastUpgradeCheck = 1430;
				TargetAttributes = {
					739C54DF29DDC0EB00C3CD56 = {
						CreatedOnToolsVersion = 14.3;
					};
				};
			};
			buildConfigurationList = 739C54DB29DDC0EB00C3CD56 /* Build configuration list for PBXProject "DemoForFetchNevinchanyi" */;
			compatibilityVersion = "Xcode 14.0";
			developmentRegion = en;
			hasScannedForEncodings = 0;
			knownRegions = (
				en,
				Base,
			);
			mainGroup = 739C54D729DDC0EB00C3CD56;
			productRefGroup = 739C54E129DDC0EB00C3CD56 /* Products */;
			projectDirPath = "";
			projectRoot = "";
			targets = (
				739C54DF29DDC0EB00C3CD56 /* DemoForFetchNevinchanyi */,
			);
		};
/* End PBXProject section */

/* Begin PBXResourcesBuildPhase section */
		739C54DE29DDC0EB00C3CD56 /* Resources */ = {
			isa = PBXResourcesBuildPhase;
			buildActionMask = 2147483647;
			files = (
				739C54EB29DDC0ED00C3CD56 /* Preview Assets.xcassets in Resources */,
				739C54E829DDC0ED00C3CD56 /* Assets.xcassets in Resources */,
			);
			runOnlyForDeploymentPostprocessing = 0;
		};
/* End PBXResourcesBuildPhase section */

/* Begin PBXSourcesBuildPhase section */
		739C54DC29DDC0EB00C3CD56 /* Sources */ = {
			isa = PBXSourcesBuildPhase;
			buildActionMask = 2147483647;
			files = (
				739C54E629DDC0EB00C3CD56 /* ContentView.swift in Sources */,
				739C54F429DDC2BE00C3CD56 /* Dessert.swift in Sources */,
				739C54E429DDC0EB00C3CD56 /* DemoForFetchNevinchanyiApp.swift in Sources */,
				739C54F629DDC5A600C3CD56 /* Mock.swift in Sources */,
			);
			runOnlyForDeploymentPostprocessing = 0;
		};
/* End PBXSourcesBuildPhase section */

/* Begin XCBuildConfiguration section */
		739C54EC29DDC0ED00C3CD56 /* Debug */ = {
			isa = XCBuildConfiguration;
			buildSettings = {
				ALWAYS_SEARCH_USER_PATHS = NO;
				CLANG_ANALYZER_NONNULL = YES;
				CLANG_ANALYZER_NUMBER_OBJECT_CONVERSION = YES_AGGRESSIVE;
				CLANG_CXX_LANGUAGE_STANDARD = "gnu++20";
				CLANG_ENABLE_MODULES = YES;
				CLANG_ENABLE_OBJC_ARC = YES;
				CLANG_ENABLE_OBJC_WEAK = YES;
				CLANG_WARN_BLOCK_CAPTURE_AUTORELEASING = YES;
				CLANG_WARN_BOOL_CONVERSION = YES;
				CLANG_WARN_COMMA = YES;
				CLANG_WARN_CONSTANT_CONVERSION = YES;
				CLANG_WARN_DEPRECATED_OBJC_IMPLEMENTATIONS = YES;
				CLANG_WARN_DIRECT_OBJC_ISA_USAGE = YES_ERROR;
				CLANG_WARN_DOCUMENTATION_COMMENTS = YES;
				CLANG_WARN_EMPTY_BODY = YES;
				CLANG_WARN_ENUM_CONVERSION = YES;
				CLANG_WARN_INFINITE_RECURSION = YES;
				CLANG_WARN_INT_CONVERSION = YES;
				CLANG_WARN_NON_LITERAL_NULL_CONVERSION = YES;
				CLANG_WARN_OBJC_IMPLICIT_RETAIN_SELF = YES;
				CLANG_WARN_OBJC_LITERAL_CONVERSION = YES;
				CLANG_WARN_OBJC_ROOT_CLASS = YES_ERROR;
				CLANG_WARN_QUOTED_INCLUDE_IN_FRAMEWORK_HEADER = YES;
				CLANG_WARN_RANGE_LOOP_ANALYSIS = YES;
				CLANG_WARN_STRICT_PROTOTYPES = YES;
				CLANG_WARN_SUSPICIOUS_MOVE = YES;
				CLANG_WARN_UNGUARDED_AVAILABILITY = YES_AGGRESSIVE;
				CLANG_WARN_UNREACHABLE_CODE = YES;
				CLANG_WARN__DUPLICATE_METHOD_MATCH = YES;
				COPY_PHASE_STRIP = NO;
				DEBUG_INFORMATION_FORMAT = dwarf;
				ENABLE_STRICT_OBJC_MSGSEND = YES;
				ENABLE_TESTABILITY = YES;
				GCC_C_LANGUAGE_STANDARD = gnu11;
				GCC_DYNAMIC_NO_PIC = NO;
				GCC_NO_COMMON_BLOCKS = YES;
				GCC_OPTIMIZATION_LEVEL = 0;
				GCC_PREPROCESSOR_DEFINITIONS = (
					"DEBUG=1",
					"$(inherited)",
				);
				GCC_WARN_64_TO_32_BIT_CONVERSION = YES;
				GCC_WARN_ABOUT_RETURN_TYPE = YES_ERROR;
				GCC_WARN_UNDECLARED_SELECTOR = YES;
				GCC_WARN_UNINITIALIZED_AUTOS = YES_AGGRESSIVE;
				GCC_WARN_UNUSED_FUNCTION = YES;
				GCC_WARN_UNUSED_VARIABLE = YES;
				IPHONEOS_DEPLOYMENT_TARGET = 16.4;
				MTL_ENABLE_DEBUG_INFO = INCLUDE_SOURCE;
				MTL_FAST_MATH = YES;
				ONLY_ACTIVE_ARCH = YES;
				SDKROOT = iphoneos;
				SWIFT_ACTIVE_COMPILATION_CONDITIONS = DEBUG;
				SWIFT_OPTIMIZATION_LEVEL = "-Onone";
			};
			name = Debug;
		};
		739C54ED29DDC0ED00C3CD56 /* Release */ = {
			isa = XCBuildConfiguration;
			buildSettings = {
				ALWAYS_SEARCH_USER_PATHS = NO;
				CLANG_ANALYZER_NONNULL = YES;
				CLANG_ANALYZER_NUMBER_OBJECT_CONVERSION = YES_AGGRESSIVE;
				CLANG_CXX_LANGUAGE_STANDARD = "gnu++20";
				CLANG_ENABLE_MODULES = YES;
				CLANG_ENABLE_OBJC_ARC = YES;
				CLANG_ENABLE_OBJC_WEAK = YES;
				CLANG_WARN_BLOCK_CAPTURE_AUTORELEASING = YES;
				CLANG_WARN_BOOL_CONVERSION = YES;
				CLANG_WARN_COMMA = YES;
				CLANG_WARN_CONSTANT_CONVERSION = YES;
				CLANG_WARN_DEPRECATED_OBJC_IMPLEMENTATIONS = YES;
				CLANG_WARN_DIRECT_OBJC_ISA_USAGE = YES_ERROR;
				CLANG_WARN_DOCUMENTATION_COMMENTS = YES;
				CLANG_WARN_EMPTY_BODY = YES;
				CLANG_WARN_ENUM_CONVERSION = YES;
				CLANG_WARN_INFINITE_RECURSION = YES;
				CLANG_WARN_INT_CONVERSION = YES;
				CLANG_WARN_NON_LITERAL_NULL_CONVERSION = YES;
				CLANG_WARN_OBJC_IMPLICIT_RETAIN_SELF = YES;
				CLANG_WARN_OBJC_LITERAL_CONVERSION = YES;
				CLANG_WARN_OBJC_ROOT_CLASS = YES_ERROR;
				CLANG_WARN_QUOTED_INCLUDE_IN_FRAMEWORK_HEADER = YES;
				CLANG_WARN_RANGE_LOOP_ANALYSIS = YES;
				CLANG_WARN_STRICT_PROTOTYPES = YES;
				CLANG_WARN_SUSPICIOUS_MOVE = YES;
				CLANG_WARN_UNGUARDED_AVAILABILITY = YES_AGGRESSIVE;
				CLANG_WARN_UNREACHABLE_CODE = YES;
				CLANG_WARN__DUPLICATE_METHOD_MATCH = YES;
				COPY_PHASE_STRIP = NO;
				DEBUG_INFORMATION_FORMAT = "dwarf-with-dsym";
				ENABLE_NS_ASSERTIONS = NO;
				ENABLE_STRICT_OBJC_MSGSEND = YES;
				GCC_C_LANGUAGE_STANDARD = gnu11;
				GCC_NO_COMMON_BLOCKS = YES;
				GCC_WARN_64_TO_32_BIT_CONVERSION = YES;
				GCC_WARN_ABOUT_RETURN_TYPE = YES_ERROR;
				GCC_WARN_UNDECLARED_SELECTOR = YES;
				GCC_WARN_UNINITIALIZED_AUTOS = YES_AGGRESSIVE;
				GCC_WARN_UNUSED_FUNCTION = YES;
				GCC_WARN_UNUSED_VARIABLE = YES;
				IPHONEOS_DEPLOYMENT_TARGET = 16.4;
				MTL_ENABLE_DEBUG_INFO = NO;
				MTL_FAST_MATH = YES;
				SDKROOT = iphoneos;
				SWIFT_COMPILATION_MODE = wholemodule;
				SWIFT_OPTIMIZATION_LEVEL = "-O";
				VALIDATE_PRODUCT = YES;
			};
			name = Release;
		};
		739C54EF29DDC0ED00C3CD56 /* Debug */ = {
			isa = XCBuildConfiguration;
			buildSettings = {
				ASSETCATALOG_COMPILER_APPICON_NAME = AppIcon;
				ASSETCATALOG_COMPILER_GLOBAL_ACCENT_COLOR_NAME = AccentColor;
				CODE_SIGN_STYLE = Automatic;
				CURRENT_PROJECT_VERSION = 1;
				DEVELOPMENT_ASSET_PATHS = "\"DemoForFetchNevinchanyi/Preview Content\"";
				DEVELOPMENT_TEAM = 5L26R3QCRU;
				ENABLE_PREVIEWS = YES;
				GENERATE_INFOPLIST_FILE = YES;
				INFOPLIST_KEY_UIApplicationSceneManifest_Generation = YES;
				INFOPLIST_KEY_UIApplicationSupportsIndirectInputEvents = YES;
				INFOPLIST_KEY_UILaunchScreen_Generation = YES;
				INFOPLIST_KEY_UISupportedInterfaceOrientations = UIInterfaceOrientationPortrait;
				IPHONEOS_DEPLOYMENT_TARGET = 16.0;
				LD_RUNPATH_SEARCH_PATHS = (
					"$(inherited)",
					"@executable_path/Frameworks",
				);
				MARKETING_VERSION = 1.0;
				PRODUCT_BUNDLE_IDENTIFIER = com.DemoForFetchNevinchanyi;
				PRODUCT_NAME = "$(TARGET_NAME)";
				SWIFT_EMIT_LOC_STRINGS = YES;
				SWIFT_VERSION = 5.0;
				TARGETED_DEVICE_FAMILY = "1,2";
			};
			name = Debug;
		};
		739C54F029DDC0ED00C3CD56 /* Release */ = {
			isa = XCBuildConfiguration;
			buildSettings = {
				ASSETCATALOG_COMPILER_APPICON_NAME = AppIcon;
				ASSETCATALOG_COMPILER_GLOBAL_ACCENT_COLOR_NAME = AccentColor;
				CODE_SIGN_STYLE = Automatic;
				CURRENT_PROJECT_VERSION = 1;
				DEVELOPMENT_ASSET_PATHS = "\"DemoForFetchNevinchanyi/Preview Content\"";
				DEVELOPMENT_TEAM = 5L26R3QCRU;
				ENABLE_PREVIEWS = YES;
				GENERATE_INFOPLIST_FILE = YES;
				INFOPLIST_KEY_UIApplicationSceneManifest_Generation = YES;
				INFOPLIST_KEY_UIApplicationSupportsIndirectInputEvents = YES;
				INFOPLIST_KEY_UILaunchScreen_Generation = YES;
				INFOPLIST_KEY_UISupportedInterfaceOrientations = UIInterfaceOrientationPortrait;
				IPHONEOS_DEPLOYMENT_TARGET = 16.0;
				LD_RUNPATH_SEARCH_PATHS = (
					"$(inherited)",
					"@executable_path/Frameworks",
				);
				MARKETING_VERSION = 1.0;
				PRODUCT_BUNDLE_IDENTIFIER = com.DemoForFetchNevinchanyi;
				PRODUCT_NAME = "$(TARGET_NAME)";
				SWIFT_EMIT_LOC_STRINGS = YES;
				SWIFT_VERSION = 5.0;
				TARGETED_DEVICE_FAMILY = "1,2";
			};
			name = Release;
		};
/* End XCBuildConfiguration section */

/* Begin XCConfigurationList section */
		739C54DB29DDC0EB00C3CD56 /* Build configuration list for PBXProject "DemoForFetchNevinchanyi" */ = {
			isa = XCConfigurationList;
			buildConfigurations = (
				739C54EC29DDC0ED00C3CD56 /* Debug */,
				739C54ED29DDC0ED00C3CD56 /* Release */,
			);
			defaultConfigurationIsVisible = 0;
			defaultConfigurationName = Release;
		};
		739C54EE29DDC0ED00C3CD56 /* Build configuration list for PBXNativeTarget "DemoForFetchNevinchanyi" */ = {
			isa = XCConfigurationList;
			buildConfigurations = (
				739C54EF29DDC0ED00C3CD56 /* Debug */,
				739C54F029DDC0ED00C3CD56 /* Release */,
			);
			defaultConfigurationIsVisible = 0;
			defaultConfigurationName = Release;
		};
/* End XCConfigurationList section */
	};
	rootObject = 739C54D829DDC0EB00C3CD56 /* Project object */;
}
